{
  "lockfileVersion": 1,
  "configVersion": 1,
  "workspaces": {
    "": {
      "name": "@diffson/monorepo",
      "devDependencies": {
        "@types/bun": "catalog:",
        "turbo": "^2",
        "typescript": "catalog:",
      },
    },
    "apps/cli": {
      "name": "@diffson/cli",
      "version": "1.0.0",
      "bin": {
        "diffson": "./dist/index.js",
      },
      "dependencies": {
        "@clack/prompts": "catalog:",
        "@diffson/core": "workspace:*",
      },
      "devDependencies": {
        "@types/bun": "catalog:",
        "typescript": "catalog:",
      },
    },
    "packages/core": {
      "name": "@diffson/core",
      "version": "1.0.0",
      "dependencies": {
        "@wendellhu/redi": "catalog:",
        "is-json": "catalog:",
      },
      "devDependencies": {
        "@types/bun": "catalog:",
        "typescript": "catalog:",
      },
    },
  },
  "catalog": {
    "@clack/prompts": "^0.11.0",
    "@types/bun": "latest",
    "@wendellhu/redi": "latest",
    "is-json": "latest",
    "typescript": "^5.7.0",
  },
  "packages": {
    "@clack/core": ["@clack/core@0.5.0", "", { "dependencies": { "picocolors": "^1.0.0", "sisteransi": "^1.0.5" } }, "sha512-p3y0FIOwaYRUPRcMO7+dlmLh8PSRcrjuTndsiA0WAFbWES0mLZlrjVoBRZ9DzkPFJZG6KGkJmoEAY0ZcVWTkow=="],

    "@clack/prompts": ["@clack/prompts@0.11.0", "", { "dependencies": { "@clack/core": "0.5.0", "picocolors": "^1.0.0", "sisteransi": "^1.0.5" } }, "sha512-pMN5FcrEw9hUkZA4f+zLlzivQSeQf5dRGJjSUbvVYDLvpKCdQx5OaknvKzgbtXOizhP+SJJJjqEbOe55uKKfAw=="],

    "@diffson/cli": ["@diffson/cli@workspace:apps/cli"],

    "@diffson/core": ["@diffson/core@workspace:packages/core"],

    "@types/bun": ["@types/bun@1.3.5", "", { "dependencies": { "bun-types": "1.3.5" } }, "sha512-RnygCqNrd3srIPEWBd5LFeUYG7plCoH2Yw9WaZGyNmdTEei+gWaHqydbaIRkIkcbXwhBT94q78QljxN0Sk838w=="],

    "@types/node": ["@types/node@25.0.3", "", { "dependencies": { "undici-types": "~7.16.0" } }, "sha512-W609buLVRVmeW693xKfzHeIV6nJGGz98uCPfeXI1ELMLXVeKYZ9m15fAMSaUPBHYLGFsVRcMmSCksQOrZV9BYA=="],

    "@wendellhu/redi": ["@wendellhu/redi@1.1.0", "", { "peerDependencies": { "react": ">=16.8.0" }, "optionalPeers": ["react"] }, "sha512-LKgJfzE9TxBi6Y63aDHcNGo0ALe0TOEb1gP1z6lOvnrVRcLylfVtq86ISxv1VHbx7LuF2Fc1oHEzIrJ44Kbufw=="],

    "bun-types": ["bun-types@1.3.5", "", { "dependencies": { "@types/node": "*" } }, "sha512-inmAYe2PFLs0SUbFOWSVD24sg1jFlMPxOjOSSCYqUgn4Hsc3rDc7dFvfVYjFPNHtov6kgUeulV4SxbuIV/stPw=="],

    "is-json": ["is-json@2.0.1", "", {}, "sha512-6BEnpVn1rcf3ngfmViLM6vjUjGErbdrL4rwlv+u1NO1XO8kqT4YGL8+19Q+Z/bas8tY90BTWMk2+fW1g6hQjbA=="],

    "picocolors": ["picocolors@1.1.1", "", {}, "sha512-xceH2snhtb5M9liqDsmEw56le376mTZkEX/jEb/RxNFyegNul7eNslCXP9FDj/Lcu0X8KEyMceP2ntpaHrDEVA=="],

    "react": ["react@19.2.3", "", {}, "sha512-Ku/hhYbVjOQnXDZFv2+RibmLFGwFdeeKHFcOTlrt7xplBnya5OGn/hIRDsqDiSUcfORsDC7MPxwork8jBwsIWA=="],

    "sisteransi": ["sisteransi@1.0.5", "", {}, "sha512-bLGGlR1QxBcynn2d5YmDX4MGjlZvy2MRBDRNHLJ8VI6l6+9FUiyTFNJ0IveOSP0bcXgVDPRcfGqA0pjaqUpfVg=="],

    "turbo": ["turbo@2.7.2", "", { "optionalDependencies": { "turbo-darwin-64": "2.7.2", "turbo-darwin-arm64": "2.7.2", "turbo-linux-64": "2.7.2", "turbo-linux-arm64": "2.7.2", "turbo-windows-64": "2.7.2", "turbo-windows-arm64": "2.7.2" }, "bin": { "turbo": "bin/turbo" } }, "sha512-5JIA5aYBAJSAhrhbyag1ZuMSgUZnHtI+Sq3H8D3an4fL8PeF+L1yYvbEJg47akP1PFfATMf5ehkqFnxfkmuwZQ=="],

    "turbo-darwin-64": ["turbo-darwin-64@2.7.2", "", { "os": "darwin", "cpu": "x64" }, "sha512-dxY3X6ezcT5vm3coK6VGixbrhplbQMwgNsCsvZamS/+/6JiebqW9DKt4NwpgYXhDY2HdH00I7FWs3wkVuan4rA=="],

    "turbo-darwin-arm64": ["turbo-darwin-arm64@2.7.2", "", { "os": "darwin", "cpu": "arm64" }, "sha512-1bXmuwPLqNFt3mzrtYcVx1sdJ8UYb124Bf48nIgcpMCGZy3kDhgxNv1503kmuK/37OGOZbsWSQFU4I08feIuSg=="],

    "turbo-linux-64": ["turbo-linux-64@2.7.2", "", { "os": "linux", "cpu": "x64" }, "sha512-kP+TiiMaiPugbRlv57VGLfcjFNsFbo8H64wMBCPV2270Or2TpDCBULMzZrvEsvWFjT3pBFvToYbdp8/Kw0jAQg=="],

    "turbo-linux-arm64": ["turbo-linux-arm64@2.7.2", "", { "os": "linux", "cpu": "arm64" }, "sha512-VDJwQ0+8zjAfbyY6boNaWfP6RIez4ypKHxwkuB6SrWbOSk+vxTyW5/hEjytTwK8w/TsbKVcMDyvpora8tEsRFw=="],

    "turbo-windows-64": ["turbo-windows-64@2.7.2", "", { "os": "win32", "cpu": "x64" }, "sha512-rPjqQXVnI6A6oxgzNEE8DNb6Vdj2Wwyhfv3oDc+YM3U9P7CAcBIlKv/868mKl4vsBtz4ouWpTQNXG8vljgJO+w=="],

    "turbo-windows-arm64": ["turbo-windows-arm64@2.7.2", "", { "os": "win32", "cpu": "arm64" }, "sha512-tcnHvBhO515OheIFWdxA+qUvZzNqqcHbLVFc1+n+TJ1rrp8prYicQtbtmsiKgMvr/54jb9jOabU62URAobnB7g=="],

    "typescript": ["typescript@5.9.3", "", { "bin": { "tsc": "bin/tsc", "tsserver": "bin/tsserver" } }, "sha512-jl1vZzPDinLr9eUt3J/t7V6FgNEw9QjvBPdysz9KfQDD41fQrC2Y4vKQdiaUpFT4bXlb1RHhLpp8wtm6M5TgSw=="],

    "undici-types": ["undici-types@7.16.0", "", {}, "sha512-Zz+aZWSj8LE6zoxD+xrjh4VfkIG8Ya6LvYkZqtUQGJPZjYl53ypCaUwWqo7eI0x66KBGeRo+mlBEkMSeSZ38Nw=="],
  }
}
